// !$*UTF8*$!
{
	archiveVersion = 1;
	classes = {
	};
	objectVersion = 55;
	objects = {

/* Begin PBXBuildFile section */
		303AC662A8A71C411AF3F5DB /* Pods_Boxing_Timer_Mix_Sound.framework in Frameworks */ = {isa = PBXBuildFile; fileRef = DD270727C63A3C5CD0DA00EA /* Pods_Boxing_Timer_Mix_Sound.framework */; };
		A028F8A228B7200400E5ED69 /* mixkit-fairy-bells-583.wav in Resources */ = {isa = PBXBuildFile; fileRef = A028F8A028B7200400E5ED69 /* mixkit-fairy-bells-583.wav */; };
		A028F8A328B7200400E5ED69 /* mixkit-marimba-waiting-ringtone-1360.m4a in Resources */ = {isa = PBXBuildFile; fileRef = A028F8A128B7200400E5ED69 /* mixkit-marimba-waiting-ringtone-1360.m4a */; };
		A032004728B46D8500F153DD /* TimePicker.swift in Sources */ = {isa = PBXBuildFile; fileRef = A032004628B46D8500F153DD /* TimePicker.swift */; };
		A04EE35128B4B00600C49C40 /* ExtendString.swift in Sources */ = {isa = PBXBuildFile; fileRef = A04EE35028B4B00600C49C40 /* ExtendString.swift */; };
		A04EE35328B4F96600C49C40 /* Constants.swift in Sources */ = {isa = PBXBuildFile; fileRef = A04EE35228B4F96600C49C40 /* Constants.swift */; };
		A051269F28B7669500BEC12D /* BannerAdVC.swift in Sources */ = {isa = PBXBuildFile; fileRef = A051269E28B7669500BEC12D /* BannerAdVC.swift */; };
		A05126A128B7874700BEC12D /* HelperView.swift in Sources */ = {isa = PBXBuildFile; fileRef = A05126A028B7874700BEC12D /* HelperView.swift */; };
		A05CEEBF28B38249004CB9DF /* TimerManager.swift in Sources */ = {isa = PBXBuildFile; fileRef = A05CEEBE28B38249004CB9DF /* TimerManager.swift */; };
		A05CEEC128B382AC004CB9DF /* SettingView.swift in Sources */ = {isa = PBXBuildFile; fileRef = A05CEEC028B382AC004CB9DF /* SettingView.swift */; };
		A05CEEC328B3BEEE004CB9DF /* bell_ring_b.m4a in Resources */ = {isa = PBXBuildFile; fileRef = A05CEEC228B3BEEE004CB9DF /* bell_ring_b.m4a */; };
		A0BC247E28B114B900D79712 /* Boxing_Timer_Mix_SoundApp.swift in Sources */ = {isa = PBXBuildFile; fileRef = A0BC247D28B114B900D79712 /* Boxing_Timer_Mix_SoundApp.swift */; };
		A0BC248028B114B900D79712 /* ContentView.swift in Sources */ = {isa = PBXBuildFile; fileRef = A0BC247F28B114B900D79712 /* ContentView.swift */; };
		A0BC248228B114BA00D79712 /* Assets.xcassets in Resources */ = {isa = PBXBuildFile; fileRef = A0BC248128B114BA00D79712 /* Assets.xcassets */; };
		A0BC248528B114BA00D79712 /* Preview Assets.xcassets in Resources */ = {isa = PBXBuildFile; fileRef = A0BC248428B114BA00D79712 /* Preview Assets.xcassets */; };
		A0BC248C28B116B300D79712 /* ControlView.swift in Sources */ = {isa = PBXBuildFile; fileRef = A0BC248B28B116B300D79712 /* ControlView.swift */; };
		A0BC249928B290D600D79712 /* service-bell-ring.m4a in Resources */ = {isa = PBXBuildFile; fileRef = A0BC249828B290D600D79712 /* service-bell-ring.m4a */; };
/* End PBXBuildFile section */

/* Begin PBXFileReference section */
		1AA65AACF44942A3CF015C0E /* Pods-Boxing Timer Mix Sound.release.xcconfig */ = {isa = PBXFileReference; includeInIndex = 1; lastKnownFileType = text.xcconfig; name = "Pods-Boxing Timer Mix Sound.release.xcconfig"; path = "Target Support Files/Pods-Boxing Timer Mix Sound/Pods-Boxing Timer Mix Sound.release.xcconfig"; sourceTree = "<group>"; };
		7DCC52310697FE4766BA19A5 /* Pods-Boxing Timer Mix Sound.debug.xcconfig */ = {isa = PBXFileReference; includeInIndex = 1; lastKnownFileType = text.xcconfig; name = "Pods-Boxing Timer Mix Sound.debug.xcconfig"; path = "Target Support Files/Pods-Boxing Timer Mix Sound/Pods-Boxing Timer Mix Sound.debug.xcconfig"; sourceTree = "<group>"; };
		A028F8A028B7200400E5ED69 /* mixkit-fairy-bells-583.wav */ = {isa = PBXFileReference; lastKnownFileType = audio.wav; path = "mixkit-fairy-bells-583.wav"; sourceTree = "<group>"; };
		A028F8A128B7200400E5ED69 /* mixkit-marimba-waiting-ringtone-1360.m4a */ = {isa = PBXFileReference; lastKnownFileType = file; path = "mixkit-marimba-waiting-ringtone-1360.m4a"; sourceTree = "<group>"; };
		A032004628B46D8500F153DD /* TimePicker.swift */ = {isa = PBXFileReference; lastKnownFileType = sourcecode.swift; path = TimePicker.swift; sourceTree = "<group>"; };
		A04EE35028B4B00600C49C40 /* ExtendString.swift */ = {isa = PBXFileReference; lastKnownFileType = sourcecode.swift; path = ExtendString.swift; sourceTree = "<group>"; };
		A04EE35228B4F96600C49C40 /* Constants.swift */ = {isa = PBXFileReference; lastKnownFileType = sourcecode.swift; path = Constants.swift; sourceTree = "<group>"; };
		A051269E28B7669500BEC12D /* BannerAdVC.swift */ = {isa = PBXFileReference; lastKnownFileType = sourcecode.swift; path = BannerAdVC.swift; sourceTree = "<group>"; };
		A05126A028B7874700BEC12D /* HelperView.swift */ = {isa = PBXFileReference; lastKnownFileType = sourcecode.swift; path = HelperView.swift; sourceTree = "<group>"; };
		A05CEEBE28B38249004CB9DF /* TimerManager.swift */ = {isa = PBXFileReference; lastKnownFileType = sourcecode.swift; path = TimerManager.swift; sourceTree = "<group>"; };
		A05CEEC028B382AC004CB9DF /* SettingView.swift */ = {isa = PBXFileReference; lastKnownFileType = sourcecode.swift; path = SettingView.swift; sourceTree = "<group>"; };
		A05CEEC228B3BEEE004CB9DF /* bell_ring_b.m4a */ = {isa = PBXFileReference; lastKnownFileType = file; path = bell_ring_b.m4a; sourceTree = "<group>"; };
		A0692D7728B64E080012B496 /* Boxing-Timer-Mix-Sound-Info.plist */ = {isa = PBXFileReference; lastKnownFileType = text.plist; path = "Boxing-Timer-Mix-Sound-Info.plist"; sourceTree = SOURCE_ROOT; };
		A0BC247A28B114B900D79712 /* Boxing Timer Mix Sound.app */ = {isa = PBXFileReference; explicitFileType = wrapper.application; includeInIndex = 0; path = "Boxing Timer Mix Sound.app"; sourceTree = BUILT_PRODUCTS_DIR; };
		A0BC247D28B114B900D79712 /* Boxing_Timer_Mix_SoundApp.swift */ = {isa = PBXFileReference; lastKnownFileType = sourcecode.swift; path = Boxing_Timer_Mix_SoundApp.swift; sourceTree = "<group>"; };
		A0BC247F28B114B900D79712 /* ContentView.swift */ = {isa = PBXFileReference; lastKnownFileType = sourcecode.swift; path = ContentView.swift; sourceTree = "<group>"; };
		A0BC248128B114BA00D79712 /* Assets.xcassets */ = {isa = PBXFileReference; lastKnownFileType = folder.assetcatalog; path = Assets.xcassets; sourceTree = "<group>"; };
		A0BC248428B114BA00D79712 /* Preview Assets.xcassets */ = {isa = PBXFileReference; lastKnownFileType = folder.assetcatalog; path = "Preview Assets.xcassets"; sourceTree = "<group>"; };
		A0BC248B28B116B300D79712 /* ControlView.swift */ = {isa = PBXFileReference; lastKnownFileType = sourcecode.swift; path = ControlView.swift; sourceTree = "<group>"; };
		A0BC248E28B12B5500D79712 /* service-bell-ring-14610.mp3 */ = {isa = PBXFileReference; lastKnownFileType = audio.mp3; path = "service-bell-ring-14610.mp3"; sourceTree = "<group>"; };
		A0BC249828B290D600D79712 /* service-bell-ring.m4a */ = {isa = PBXFileReference; lastKnownFileType = file; path = "service-bell-ring.m4a"; sourceTree = "<group>"; };
		DD270727C63A3C5CD0DA00EA /* Pods_Boxing_Timer_Mix_Sound.framework */ = {isa = PBXFileReference; explicitFileType = wrapper.framework; includeInIndex = 0; path = Pods_Boxing_Timer_Mix_Sound.framework; sourceTree = BUILT_PRODUCTS_DIR; };
/* End PBXFileReference section */

/* Begin PBXFrameworksBuildPhase section */
		A0BC247728B114B900D79712 /* Frameworks */ = {
			isa = PBXFrameworksBuildPhase;
			buildActionMask = 2147483647;
			files = (
				303AC662A8A71C411AF3F5DB /* Pods_Boxing_Timer_Mix_Sound.framework in Frameworks */,
			);
			runOnlyForDeploymentPostprocessing = 0;
		};
/* End PBXFrameworksBuildPhase section */

/* Begin PBXGroup section */
		3C3828C306DC3AC5E493A032 /* Frameworks */ = {
			isa = PBXGroup;
			children = (
				DD270727C63A3C5CD0DA00EA /* Pods_Boxing_Timer_Mix_Sound.framework */,
			);
			name = Frameworks;
			sourceTree = "<group>";
		};
		46754B91729032C9D452C2A0 /* Pods */ = {
			isa = PBXGroup;
			children = (
				7DCC52310697FE4766BA19A5 /* Pods-Boxing Timer Mix Sound.debug.xcconfig */,
				1AA65AACF44942A3CF015C0E /* Pods-Boxing Timer Mix Sound.release.xcconfig */,
			);
			path = Pods;
			sourceTree = "<group>";
		};
		A0BC247128B114B900D79712 = {
			isa = PBXGroup;
			children = (
				A0BC247C28B114B900D79712 /* Boxing Timer Mix Sound */,
				A0BC247B28B114B900D79712 /* Products */,
				46754B91729032C9D452C2A0 /* Pods */,
				3C3828C306DC3AC5E493A032 /* Frameworks */,
			);
			sourceTree = "<group>";
		};
		A0BC247B28B114B900D79712 /* Products */ = {
			isa = PBXGroup;
			children = (
				A0BC247A28B114B900D79712 /* Boxing Timer Mix Sound.app */,
			);
			name = Products;
			sourceTree = "<group>";
		};
		A0BC247C28B114B900D79712 /* Boxing Timer Mix Sound */ = {
			isa = PBXGroup;
			children = (
				A0692D7728B64E080012B496 /* Boxing-Timer-Mix-Sound-Info.plist */,
				A0BC249328B12BA200D79712 /* Sounds */,
				A0BC247D28B114B900D79712 /* Boxing_Timer_Mix_SoundApp.swift */,
				A0BC247F28B114B900D79712 /* ContentView.swift */,
				A0BC248B28B116B300D79712 /* ControlView.swift */,
				A05126A028B7874700BEC12D /* HelperView.swift */,
				A05CEEC028B382AC004CB9DF /* SettingView.swift */,
				A032004628B46D8500F153DD /* TimePicker.swift */,
				A05CEEBE28B38249004CB9DF /* TimerManager.swift */,
				A051269E28B7669500BEC12D /* BannerAdVC.swift */,
				A04EE35228B4F96600C49C40 /* Constants.swift */,
				A04EE35028B4B00600C49C40 /* ExtendString.swift */,
				A0BC248128B114BA00D79712 /* Assets.xcassets */,
				A0BC248328B114BA00D79712 /* Preview Content */,
			);
			path = "Boxing Timer Mix Sound";
			sourceTree = "<group>";
		};
		A0BC248328B114BA00D79712 /* Preview Content */ = {
			isa = PBXGroup;
			children = (
				A0BC248D28B12B5500D79712 /* Sounds */,
				A0BC248428B114BA00D79712 /* Preview Assets.xcassets */,
			);
			path = "Preview Content";
			sourceTree = "<group>";
		};
		A0BC248D28B12B5500D79712 /* Sounds */ = {
			isa = PBXGroup;
			children = (
				A0BC248E28B12B5500D79712 /* service-bell-ring-14610.mp3 */,
			);
			name = Sounds;
			path = "Boxing Timer Mix Sound/Assets.xcassets/service-bell-ring-14610.dataset/Sounds";
			sourceTree = SOURCE_ROOT;
		};
		A0BC249328B12BA200D79712 /* Sounds */ = {
			isa = PBXGroup;
			children = (
				A0BC249828B290D600D79712 /* service-bell-ring.m4a */,
				A028F8A028B7200400E5ED69 /* mixkit-fairy-bells-583.wav */,
				A028F8A128B7200400E5ED69 /* mixkit-marimba-waiting-ringtone-1360.m4a */,
				A05CEEC228B3BEEE004CB9DF /* bell_ring_b.m4a */,
			);
			path = Sounds;
			sourceTree = "<group>";
		};
/* End PBXGroup section */

/* Begin PBXNativeTarget section */
		A0BC247928B114B900D79712 /* Boxing Timer Mix Sound */ = {
			isa = PBXNativeTarget;
			buildConfigurationList = A0BC248828B114BA00D79712 /* Build configuration list for PBXNativeTarget "Boxing Timer Mix Sound" */;
			buildPhases = (
				E0817809D72D7838E325163C /* [CP] Check Pods Manifest.lock */,
				A0BC247628B114B900D79712 /* Sources */,
				A0BC247728B114B900D79712 /* Frameworks */,
				A0BC247828B114B900D79712 /* Resources */,
				8F02DE3A56181FA72B13A21E /* [CP] Embed Pods Frameworks */,
			);
			buildRules = (
			);
			dependencies = (
			);
			name = "Boxing Timer Mix Sound";
			productName = "Boxing Timer Mix Sound";
			productReference = A0BC247A28B114B900D79712 /* Boxing Timer Mix Sound.app */;
			productType = "com.apple.product-type.application";
		};
/* End PBXNativeTarget section */

/* Begin PBXProject section */
		A0BC247228B114B900D79712 /* Project object */ = {
			isa = PBXProject;
			attributes = {
				BuildIndependentTargetsInParallel = 1;
				LastSwiftUpdateCheck = 1320;
				LastUpgradeCheck = 1320;
				TargetAttributes = {
					A0BC247928B114B900D79712 = {
						CreatedOnToolsVersion = 13.2.1;
					};
				};
			};
			buildConfigurationList = A0BC247528B114B900D79712 /* Build configuration list for PBXProject "Boxing Timer Mix Sound" */;
			compatibilityVersion = "Xcode 13.0";
			developmentRegion = en;
			hasScannedForEncodings = 0;
			knownRegions = (
				en,
				Base,
			);
			mainGroup = A0BC247128B114B900D79712;
			productRefGroup = A0BC247B28B114B900D79712 /* Products */;
			projectDirPath = "";
			projectRoot = "";
			targets = (
				A0BC247928B114B900D79712 /* Boxing Timer Mix Sound */,
			);
		};
/* End PBXProject section */

/* Begin PBXResourcesBuildPhase section */
		A0BC247828B114B900D79712 /* Resources */ = {
			isa = PBXResourcesBuildPhase;
			buildActionMask = 2147483647;
			files = (
				A028F8A328B7200400E5ED69 /* mixkit-marimba-waiting-ringtone-1360.m4a in Resources */,
				A0BC248528B114BA00D79712 /* Preview Assets.xcassets in Resources */,
				A0BC248228B114BA00D79712 /* Assets.xcassets in Resources */,
				A05CEEC328B3BEEE004CB9DF /* bell_ring_b.m4a in Resources */,
				A028F8A228B7200400E5ED69 /* mixkit-fairy-bells-583.wav in Resources */,
				A0BC249928B290D600D79712 /* service-bell-ring.m4a in Resources */,
			);
			runOnlyForDeploymentPostprocessing = 0;
		};
/* End PBXResourcesBuildPhase section */

/* Begin PBXShellScriptBuildPhase section */
		8F02DE3A56181FA72B13A21E /* [CP] Embed Pods Frameworks */ = {
			isa = PBXShellScriptBuildPhase;
			buildActionMask = 2147483647;
			files = (
			);
			inputFileListPaths = (
				"${PODS_ROOT}/Target Support Files/Pods-Boxing Timer Mix Sound/Pods-Boxing Timer Mix Sound-frameworks-${CONFIGURATION}-input-files.xcfilelist",
			);
			name = "[CP] Embed Pods Frameworks";
			outputFileListPaths = (
				"${PODS_ROOT}/Target Support Files/Pods-Boxing Timer Mix Sound/Pods-Boxing Timer Mix Sound-frameworks-${CONFIGURATION}-output-files.xcfilelist",
			);
			runOnlyForDeploymentPostprocessing = 0;
			shellPath = /bin/sh;
			shellScript = "\"${PODS_ROOT}/Target Support Files/Pods-Boxing Timer Mix Sound/Pods-Boxing Timer Mix Sound-frameworks.sh\"\n";
			showEnvVarsInLog = 0;
		};
		E0817809D72D7838E325163C /* [CP] Check Pods Manifest.lock */ = {
			isa = PBXShellScriptBuildPhase;
			buildActionMask = 2147483647;
			files = (
			);
			inputFileListPaths = (
			);
			inputPaths = (
				"${PODS_PODFILE_DIR_PATH}/Podfile.lock",
				"${PODS_ROOT}/Manifest.lock",
			);
			name = "[CP] Check Pods Manifest.lock";
			outputFileListPaths = (
			);
			outputPaths = (
				"$(DERIVED_FILE_DIR)/Pods-Boxing Timer Mix Sound-checkManifestLockResult.txt",
			);
			runOnlyForDeploymentPostprocessing = 0;
			shellPath = /bin/sh;
			shellScript = "diff \"${PODS_PODFILE_DIR_PATH}/Podfile.lock\" \"${PODS_ROOT}/Manifest.lock\" > /dev/null\nif [ $? != 0 ] ; then\n    # print error to STDERR\n    echo \"error: The sandbox is not in sync with the Podfile.lock. Run 'pod install' or update your CocoaPods installation.\" >&2\n    exit 1\nfi\n# This output is used by Xcode 'outputs' to avoid re-running this script phase.\necho \"SUCCESS\" > \"${SCRIPT_OUTPUT_FILE_0}\"\n";
			showEnvVarsInLog = 0;
		};
/* End PBXShellScriptBuildPhase section */

/* Begin PBXSourcesBuildPhase section */
		A0BC247628B114B900D79712 /* Sources */ = {
			isa = PBXSourcesBuildPhase;
			buildActionMask = 2147483647;
			files = (
				A051269F28B7669500BEC12D /* BannerAdVC.swift in Sources */,
				A032004728B46D8500F153DD /* TimePicker.swift in Sources */,
				A0BC248028B114B900D79712 /* ContentView.swift in Sources */,
				A05CEEC128B382AC004CB9DF /* SettingView.swift in Sources */,
				A04EE35128B4B00600C49C40 /* ExtendString.swift in Sources */,
				A05CEEBF28B38249004CB9DF /* TimerManager.swift in Sources */,
				A0BC248C28B116B300D79712 /* ControlView.swift in Sources */,
				A0BC247E28B114B900D79712 /* Boxing_Timer_Mix_SoundApp.swift in Sources */,
				A05126A128B7874700BEC12D /* HelperView.swift in Sources */,
				A04EE35328B4F96600C49C40 /* Constants.swift in Sources */,
			);
			runOnlyForDeploymentPostprocessing = 0;
		};
/* End PBXSourcesBuildPhase section */

/* Begin XCBuildConfiguration section */
		A0BC248628B114BA00D79712 /* Debug */ = {
			isa = XCBuildConfiguration;
			buildSettings = {
				ALWAYS_SEARCH_USER_PATHS = NO;
				CLANG_ANALYZER_NONNULL = YES;
				CLANG_ANALYZER_NUMBER_OBJECT_CONVERSION = YES_AGGRESSIVE;
				CLANG_CXX_LANGUAGE_STANDARD = "gnu++17";
				CLANG_CXX_LIBRARY = "libc++";
				CLANG_ENABLE_MODULES = YES;
				CLANG_ENABLE_OBJC_ARC = YES;
				CLANG_ENABLE_OBJC_WEAK = YES;
				CLANG_WARN_BLOCK_CAPTURE_AUTORELEASING = YES;
				CLANG_WARN_BOOL_CONVERSION = YES;
				CLANG_WARN_COMMA = YES;
				CLANG_WARN_CONSTANT_CONVERSION = YES;
				CLANG_WARN_DEPRECATED_OBJC_IMPLEMENTATIONS = YES;
				CLANG_WARN_DIRECT_OBJC_ISA_USAGE = YES_ERROR;
				CLANG_WARN_DOCUMENTATION_COMMENTS = YES;
				CLANG_WARN_EMPTY_BODY = YES;
				CLANG_WARN_ENUM_CONVERSION = YES;
				CLANG_WARN_INFINITE_RECURSION = YES;
				CLANG_WARN_INT_CONVERSION = YES;
				CLANG_WARN_NON_LITERAL_NULL_CONVERSION = YES;
				CLANG_WARN_OBJC_IMPLICIT_RETAIN_SELF = YES;
				CLANG_WARN_OBJC_LITERAL_CONVERSION = YES;
				CLANG_WARN_OBJC_ROOT_CLASS = YES_ERROR;
				CLANG_WARN_QUOTED_INCLUDE_IN_FRAMEWORK_HEADER = YES;
				CLANG_WARN_RANGE_LOOP_ANALYSIS = YES;
				CLANG_WARN_STRICT_PROTOTYPES = YES;
				CLANG_WARN_SUSPICIOUS_MOVE = YES;
				CLANG_WARN_UNGUARDED_AVAILABILITY = YES_AGGRESSIVE;
				CLANG_WARN_UNREACHABLE_CODE = YES;
				CLANG_WARN__DUPLICATE_METHOD_MATCH = YES;
				COPY_PHASE_STRIP = NO;
				DEBUG_INFORMATION_FORMAT = dwarf;
				ENABLE_STRICT_OBJC_MSGSEND = YES;
				ENABLE_TESTABILITY = YES;
				GCC_C_LANGUAGE_STANDARD = gnu11;
				GCC_DYNAMIC_NO_PIC = NO;
				GCC_NO_COMMON_BLOCKS = YES;
				GCC_OPTIMIZATION_LEVEL = 0;
				GCC_PREPROCESSOR_DEFINITIONS = (
					"DEBUG=1",
					"$(inherited)",
				);
				GCC_WARN_64_TO_32_BIT_CONVERSION = YES;
				GCC_WARN_ABOUT_RETURN_TYPE = YES_ERROR;
				GCC_WARN_UNDECLARED_SELECTOR = YES;
				GCC_WARN_UNINITIALIZED_AUTOS = YES_AGGRESSIVE;
				GCC_WARN_UNUSED_FUNCTION = YES;
				GCC_WARN_UNUSED_VARIABLE = YES;
				IPHONEOS_DEPLOYMENT_TARGET = 15.0;
				MTL_ENABLE_DEBUG_INFO = INCLUDE_SOURCE;
				MTL_FAST_MATH = YES;
				ONLY_ACTIVE_ARCH = YES;
				SDKROOT = iphoneos;
				SWIFT_ACTIVE_COMPILATION_CONDITIONS = DEBUG;
				SWIFT_OPTIMIZATION_LEVEL = "-Onone";
			};
			name = Debug;
		};
		A0BC248728B114BA00D79712 /* Release */ = {
			isa = XCBuildConfiguration;
			buildSettings = {
				ALWAYS_SEARCH_USER_PATHS = NO;
				CLANG_ANALYZER_NONNULL = YES;
				CLANG_ANALYZER_NUMBER_OBJECT_CONVERSION = YES_AGGRESSIVE;
				CLANG_CXX_LANGUAGE_STANDARD = "gnu++17";
				CLANG_CXX_LIBRARY = "libc++";
				CLANG_ENABLE_MODULES = YES;
				CLANG_ENABLE_OBJC_ARC = YES;
				CLANG_ENABLE_OBJC_WEAK = YES;
				CLANG_WARN_BLOCK_CAPTURE_AUTORELEASING = YES;
				CLANG_WARN_BOOL_CONVERSION = YES;
				CLANG_WARN_COMMA = YES;
				CLANG_WARN_CONSTANT_CONVERSION = YES;
				CLANG_WARN_DEPRECATED_OBJC_IMPLEMENTATIONS = YES;
				CLANG_WARN_DIRECT_OBJC_ISA_USAGE = YES_ERROR;
				CLANG_WARN_DOCUMENTATION_COMMENTS = YES;
				CLANG_WARN_EMPTY_BODY = YES;
				CLANG_WARN_ENUM_CONVERSION = YES;
				CLANG_WARN_INFINITE_RECURSION = YES;
				CLANG_WARN_INT_CONVERSION = YES;
				CLANG_WARN_NON_LITERAL_NULL_CONVERSION = YES;
				CLANG_WARN_OBJC_IMPLICIT_RETAIN_SELF = YES;
				CLANG_WARN_OBJC_LITERAL_CONVERSION = YES;
				CLANG_WARN_OBJC_ROOT_CLASS = YES_ERROR;
				CLANG_WARN_QUOTED_INCLUDE_IN_FRAMEWORK_HEADER = YES;
				CLANG_WARN_RANGE_LOOP_ANALYSIS = YES;
				CLANG_WARN_STRICT_PROTOTYPES = YES;
				CLANG_WARN_SUSPICIOUS_MOVE = YES;
				CLANG_WARN_UNGUARDED_AVAILABILITY = YES_AGGRESSIVE;
				CLANG_WARN_UNREACHABLE_CODE = YES;
				CLANG_WARN__DUPLICATE_METHOD_MATCH = YES;
				COPY_PHASE_STRIP = NO;
				DEBUG_INFORMATION_FORMAT = "dwarf-with-dsym";
				ENABLE_NS_ASSERTIONS = NO;
				ENABLE_STRICT_OBJC_MSGSEND = YES;
				GCC_C_LANGUAGE_STANDARD = gnu11;
				GCC_NO_COMMON_BLOCKS = YES;
				GCC_WARN_64_TO_32_BIT_CONVERSION = YES;
				GCC_WARN_ABOUT_RETURN_TYPE = YES_ERROR;
				GCC_WARN_UNDECLARED_SELECTOR = YES;
				GCC_WARN_UNINITIALIZED_AUTOS = YES_AGGRESSIVE;
				GCC_WARN_UNUSED_FUNCTION = YES;
				GCC_WARN_UNUSED_VARIABLE = YES;
				IPHONEOS_DEPLOYMENT_TARGET = 15.0;
				MTL_ENABLE_DEBUG_INFO = NO;
				MTL_FAST_MATH = YES;
				SDKROOT = iphoneos;
				SWIFT_COMPILATION_MODE = wholemodule;
				SWIFT_OPTIMIZATION_LEVEL = "-O";
				VALIDATE_PRODUCT = YES;
			};
			name = Release;
		};
		A0BC248928B114BA00D79712 /* Debug */ = {
			isa = XCBuildConfiguration;
			baseConfigurationReference = 7DCC52310697FE4766BA19A5 /* Pods-Boxing Timer Mix Sound.debug.xcconfig */;
			buildSettings = {
				ASSETCATALOG_COMPILER_APPICON_NAME = AppIcon;
				ASSETCATALOG_COMPILER_GLOBAL_ACCENT_COLOR_NAME = AccentColor;
				CODE_SIGN_STYLE = Automatic;
				CURRENT_PROJECT_VERSION = 1;
				DEVELOPMENT_ASSET_PATHS = "\"Boxing Timer Mix Sound/Preview Content\"";
				DEVELOPMENT_TEAM = 98A22T2NMD;
				ENABLE_PREVIEWS = YES;
				EXCLUDED_ARCHS = "";
				GENERATE_INFOPLIST_FILE = YES;
				INFOPLIST_FILE = "Boxing-Timer-Mix-Sound-Info.plist";
				INFOPLIST_KEY_UIApplicationSceneManifest_Generation = YES;
				INFOPLIST_KEY_UIApplicationSupportsIndirectInputEvents = YES;
				INFOPLIST_KEY_UILaunchScreen_Generation = YES;
				INFOPLIST_KEY_UISupportedInterfaceOrientations_iPad = "UIInterfaceOrientationPortrait UIInterfaceOrientationPortraitUpsideDown UIInterfaceOrientationLandscapeLeft UIInterfaceOrientationLandscapeRight";
				INFOPLIST_KEY_UISupportedInterfaceOrientations_iPhone = "UIInterfaceOrientationPortrait UIInterfaceOrientationLandscapeLeft UIInterfaceOrientationLandscapeRight";
				LD_RUNPATH_SEARCH_PATHS = (
					"$(inherited)",
					"@executable_path/Frameworks",
				);
				MARKETING_VERSION = 1.0;
				PRODUCT_BUNDLE_IDENTIFIER = "org.lenlin.Boxing-Timer-Mix-Sound";
				PRODUCT_NAME = "$(TARGET_NAME)";
				SWIFT_EMIT_LOC_STRINGS = YES;
				SWIFT_VERSION = 5.0;
				TARGETED_DEVICE_FAMILY = "1,2";
			};
			name = Debug;
		};
		A0BC248A28B114BA00D79712 /* Release */ = {
			isa = XCBuildConfiguration;
			baseConfigurationReference = 1AA65AACF44942A3CF015C0E /* Pods-Boxing Timer Mix Sound.release.xcconfig */;
			buildSettings = {
				ASSETCATALOG_COMPILER_APPICON_NAME = AppIcon;
				ASSETCATALOG_COMPILER_GLOBAL_ACCENT_COLOR_NAME = AccentColor;
				CODE_SIGN_STYLE = Automatic;
				CURRENT_PROJECT_VERSION = 1;
				DEVELOPMENT_ASSET_PATHS = "\"Boxing Timer Mix Sound/Preview Content\"";
				DEVELOPMENT_TEAM = 98A22T2NMD;
				ENABLE_PREVIEWS = YES;
				EXCLUDED_ARCHS = "";
				GENERATE_INFOPLIST_FILE = YES;
				INFOPLIST_FILE = "Boxing-Timer-Mix-Sound-Info.plist";
				INFOPLIST_KEY_UIApplicationSceneManifest_Generation = YES;
				INFOPLIST_KEY_UIApplicationSupportsIndirectInputEvents = YES;
				INFOPLIST_KEY_UILaunchScreen_Generation = YES;
				INFOPLIST_KEY_UISupportedInterfaceOrientations_iPad = "UIInterfaceOrientationPortrait UIInterfaceOrientationPortraitUpsideDown UIInterfaceOrientationLandscapeLeft UIInterfaceOrientationLandscapeRight";
				INFOPLIST_KEY_UISupportedInterfaceOrientations_iPhone = "UIInterfaceOrientationPortrait UIInterfaceOrientationLandscapeLeft UIInterfaceOrientationLandscapeRight";
				LD_RUNPATH_SEARCH_PATHS = (
					"$(inherited)",
					"@executable_path/Frameworks",
				);
				MARKETING_VERSION = 1.0;
				PRODUCT_BUNDLE_IDENTIFIER = "org.lenlin.Boxing-Timer-Mix-Sound";
				PRODUCT_NAME = "$(TARGET_NAME)";
				SWIFT_EMIT_LOC_STRINGS = YES;
				SWIFT_VERSION = 5.0;
				TARGETED_DEVICE_FAMILY = "1,2";
			};
			name = Release;
		};
/* End XCBuildConfiguration section */

/* Begin XCConfigurationList section */
		A0BC247528B114B900D79712 /* Build configuration list for PBXProject "Boxing Timer Mix Sound" */ = {
			isa = XCConfigurationList;
			buildConfigurations = (
				A0BC248628B114BA00D79712 /* Debug */,
				A0BC248728B114BA00D79712 /* Release */,
			);
			defaultConfigurationIsVisible = 0;
			defaultConfigurationName = Release;
		};
		A0BC248828B114BA00D79712 /* Build configuration list for PBXNativeTarget "Boxing Timer Mix Sound" */ = {
			isa = XCConfigurationList;
			buildConfigurations = (
				A0BC248928B114BA00D79712 /* Debug */,
				A0BC248A28B114BA00D79712 /* Release */,
			);
			defaultConfigurationIsVisible = 0;
			defaultConfigurationName = Release;
		};
/* End XCConfigurationList section */
	};
	rootObject = A0BC247228B114B900D79712 /* Project object */;
}
